# This file is automatically @generated by Cargo.
# It is not intended for manual editing.
[[package]]
name = "cargo-ensure-installed"
version = "0.2.1"
dependencies = [
 "getopts",
 "semver",
 "toml",
]

[[package]]
name = "getopts"
version = "0.2.18"
source = "registry+https://github.com/rust-lang/crates.io-index"
checksum = "0a7292d30132fb5424b354f5dc02512a86e4c516fe544bb7a25e7f266951b797"
dependencies = [
 "unicode-width",
]

[[package]]
name = "semver"
version = "1.0.0"
source = "registry+https://github.com/rust-lang/crates.io-index"
checksum = "76b5842e81eb9bbea19276a9dbbda22ac042532f390a67ab08b895617978abf3"

[[package]]
name = "serde"
version = "1.0.27"
source = "registry+https://github.com/rust-lang/crates.io-index"
checksum = "db99f3919e20faa51bb2996057f5031d8685019b5a06139b1ce761da671b8526"

[[package]]
name = "toml"
version = "0.4.8"
source = "registry+https://github.com/rust-lang/crates.io-index"
checksum = "4a2ecc31b0351ea18b3fe11274b8db6e4d82bce861bbb22e6dbed40417902c65"
dependencies = [
 "serde",
]

[[package]]
name = "unicode-width"
version = "0.1.5"
source = "registry+https://github.com/rust-lang/crates.io-index"
checksum = "882386231c45df4700b275c7ff55b6f3698780a650026380e72dabe76fa46526"
